
Microsoft Visual Studio Solution File, Format Version 12.00
# Visual Studio 15
VisualStudioVersion = 15.0.28010.2016
MinimumVisualStudioVersion = 10.0.40219.1
Project("{FAE04EC0-301F-11D3-BF4B-00C04F79EFBC}") = "FizzBuzz", "FizzBuzz\FizzBuzz.csproj", "{D6B75BF7-EA73-4784-A3E1-08253A967972}"
EndProject
Global
	GlobalSection(SolutionConfigurationPlatforms) = preSolution
		Debug|Any CPU = Debug|Any CPU
		Release|Any CPU = Release|Any CPU
	EndGlobalSection
	GlobalSection(ProjectConfigurationPlatforms) = postSolution
		{D6B75BF7-EA73-4784-A3E1-08253A967972}.Debug|Any CPU.ActiveCfg = Debug|Any CPU
		{D6B75BF7-EA73-4784-A3E1-08253A967972}.Debug|Any CPU.Build.0 = Debug|Any CPU
		{D6B75BF7-EA73-4784-A3E1-08253A967972}.Release|Any CPU.ActiveCfg = Release|Any CPU
		{D6B75BF7-EA73-4784-A3E1-08253A967972}.Release|Any CPU.Build.0 = Release|Any CPU
	EndGlobalSection
	GlobalSection(SolutionProperties) = preSolution
		HideSolutionNode = FALSE
	EndGlobalSection
	GlobalSection(ExtensibilityGlobals) = postSolution
		SolutionGuid = {22E8EACE-52B9-41DD-ADF2-12AD43DF9445}
	EndGlobalSection
EndGlobal
